<?xml version="1.0" encoding="utf-8"?>
<Project ToolsVersion="4.0" xmlns="http://schemas.microsoft.com/developer/msbuild/2003">
  <ItemGroup>
    <Filter Include="Source Files">
      <UniqueIdentifier>{4FC737F1-C7A5-4376-A066-2A32D752A2FF}</UniqueIdentifier>
      <Extensions>cpp;c;cc;cxx;c++;cppm;ixx;def;odl;idl;hpj;bat;asm;asmx</Extensions>
    </Filter>
    <Filter Include="Header Files">
      <UniqueIdentifier>{93995380-89BD-4b04-88EB-625FBE52EBFB}</UniqueIdentifier>
      <Extensions>h;hh;hpp;hxx;h++;hm;inl;inc;ipp;xsd</Extensions>
    </Filter>
    <Filter Include="Source Files\src">
      <UniqueIdentifier>{99396e01-3e85-4d77-9aab-adc4470b4545}</UniqueIdentifier>
    </Filter>
    <Filter Include="Header Files\entities">
      <UniqueIdentifier>{996b7c92-dd95-4cb9-9cc4-eed353893964}</UniqueIdentifier>
    </Filter>
    <Filter Include="Source Files\src\entities">
      <UniqueIdentifier>{0e4228c5-e0c3-496b-8783-83cb55d01d51}</UniqueIdentifier>
    </Filter>
    <Filter Include="Source Files\src\sys">
      <UniqueIdentifier>{4ba010fd-12f7-439f-9dff-2d1ce452f40a}</UniqueIdentifier>
    </Filter>
    <Filter Include="Header Files\sys">
      <UniqueIdentifier>{23b55911-8a3f-4655-a000-c6d6e529c11d}</UniqueIdentifier>
    </Filter>
    <Filter Include="Header Files\entities\sys">
      <UniqueIdentifier>{d8ed79d2-0a66-4952-8a27-eee1c656a311}</UniqueIdentifier>
    </Filter>
    <Filter Include="Source Files\src\entities\sys">
      <UniqueIdentifier>{6da30ee2-2ddb-4feb-abae-7f468372545e}</UniqueIdentifier>
    </Filter>
    <Filter Include="Source Files\src\windows">
      <UniqueIdentifier>{f533f6b8-1428-4044-9abe-0afff31d9c52}</UniqueIdentifier>
    </Filter>
    <Filter Include="Header Files\windows">
      <UniqueIdentifier>{a852b55c-aeea-47ac-8dc7-553e0f54a3da}</UniqueIdentifier>
    </Filter>
    <Filter Include="Header Files\camera">
      <UniqueIdentifier>{aabf249f-6296-494c-80bc-3c64a117424c}</UniqueIdentifier>
    </Filter>
    <Filter Include="Source Files\src\camera">
      <UniqueIdentifier>{03017644-8682-4929-a137-c28b54311894}</UniqueIdentifier>
    </Filter>
  </ItemGroup>
  <ItemGroup>
    <ClInclude Include="include\control.h">
      <Filter>Header Files</Filter>
    </ClInclude>
    <ClInclude Include="include\map.h">
      <Filter>Header Files</Filter>
    </ClInclude>
    <ClInclude Include="include\gravity.h">
      <Filter>Header Files</Filter>
    </ClInclude>
    <ClInclude Include="include\entities\player.h">
      <Filter>Header Files\entities</Filter>
    </ClInclude>
    <ClInclude Include="include\sys\config.h">
      <Filter>Header Files\sys</Filter>
    </ClInclude>
    <ClInclude Include="include\sys\includes.h">
      <Filter>Header Files\sys</Filter>
    </ClInclude>
    <ClInclude Include="include\sys\logger.h">
      <Filter>Header Files\sys</Filter>
    </ClInclude>
    <ClInclude Include="include\entities\bullet.h">
      <Filter>Header Files\entities</Filter>
    </ClInclude>
    <ClInclude Include="include\sys\constants.h">
      <Filter>Header Files\sys</Filter>
    </ClInclude>
    <ClInclude Include="include\entities\sys\cooldowns_s.h">
      <Filter>Header Files\entities\sys</Filter>
    </ClInclude>
    <ClInclude Include="include\entities\mob.h">
      <Filter>Header Files\entities</Filter>
    </ClInclude>
    <ClInclude Include="include\entities\sys\change.h">
      <Filter>Header Files\entities\sys</Filter>
    </ClInclude>
    <ClInclude Include="include\sys\musicloader.h">
      <Filter>Header Files\sys</Filter>
    </ClInclude>
    <ClInclude Include="include\elistener.h">
      <Filter>Header Files</Filter>
    </ClInclude>
    <ClInclude Include="include\windows\game.h">
      <Filter>Header Files\windows</Filter>
    </ClInclude>
    <ClInclude Include="include\windows\menu.h">
      <Filter>Header Files\windows</Filter>
    </ClInclude>
    <ClInclude Include="include\windows\transition.h">
      <Filter>Header Files\windows</Filter>
    </ClInclude>
    <ClInclude Include="include\entities\sys\render.h">
      <Filter>Header Files\entities\sys</Filter>
    </ClInclude>
    <ClInclude Include="include\windows\mapdrawer.h">
      <Filter>Header Files\windows</Filter>
    </ClInclude>
    <ClInclude Include="include\windows\author.h">
      <Filter>Header Files\windows</Filter>
    </ClInclude>
    <ClInclude Include="include\windows\mapchanger.h">
      <Filter>Header Files\windows</Filter>
    </ClInclude>
    <ClInclude Include="include\camera\camera.h">
      <Filter>Header Files\camera</Filter>
    </ClInclude>
  </ItemGroup>
  <ItemGroup>
    <ClCompile Include="main.cpp">
      <Filter>Source Files</Filter>
    </ClCompile>
    <ClCompile Include="src\gravity.cpp">
      <Filter>Source Files\src</Filter>
    </ClCompile>
    <ClCompile Include="src\map.cpp">
      <Filter>Source Files\src</Filter>
    </ClCompile>
    <ClCompile Include="src\control.cpp">
      <Filter>Source Files\src</Filter>
    </ClCompile>
    <ClCompile Include="src\entities\player.cpp">
      <Filter>Source Files\src\entities</Filter>
    </ClCompile>
    <ClCompile Include="src\sys\config.cpp">
      <Filter>Source Files\src\sys</Filter>
    </ClCompile>
    <ClCompile Include="src\sys\logger.cpp">
      <Filter>Source Files\src\sys</Filter>
    </ClCompile>
    <ClCompile Include="src\entities\bullet.cpp">
      <Filter>Source Files\src\entities</Filter>
    </ClCompile>
    <ClCompile Include="src\entities\sys\cooldowns_s.cpp">
      <Filter>Source Files\src\entities\sys</Filter>
    </ClCompile>
    <ClCompile Include="src\entities\mob.cpp">
      <Filter>Source Files\src\entities</Filter>
    </ClCompile>
    <ClCompile Include="src\entities\sys\change.cpp">
      <Filter>Source Files\src\entities\sys</Filter>
    </ClCompile>
    <ClCompile Include="src\elistener.cpp">
      <Filter>Source Files\src</Filter>
    </ClCompile>
    <ClCompile Include="src\windows\game.cpp">
      <Filter>Source Files\src\windows</Filter>
    </ClCompile>
    <ClCompile Include="src\windows\menu.cpp">
      <Filter>Source Files\src\windows</Filter>
    </ClCompile>
    <ClCompile Include="src\windows\transition.cpp">
      <Filter>Source Files\src\windows</Filter>
    </ClCompile>
    <ClCompile Include="src\entities\sys\render.cpp">
      <Filter>Source Files\src\entities\sys</Filter>
    </ClCompile>
    <ClCompile Include="src\windows\mapdrawer.cpp">
      <Filter>Source Files\src\windows</Filter>
    </ClCompile>
    <ClCompile Include="src\windows\author.cpp">
      <Filter>Source Files\src\windows</Filter>
    </ClCompile>
    <ClCompile Include="src\windows\mapchanger.cpp">
      <Filter>Source Files\src\windows</Filter>
    </ClCompile>
    <ClCompile Include="src\camera\camera.cpp">
      <Filter>Source Files\src\camera</Filter>
    </ClCompile>
  </ItemGroup>
</Project>